// !$*UTF8*$!
{
	archiveVersion = 1;
	classes = {
	};
	objectVersion = 56;
	objects = {

/* Begin PBXBuildFile section */
		CE42CE072C87787100032353 /* JSONService.swift in Sources */ = {isa = PBXBuildFile; fileRef = CE42CE062C87787100032353 /* JSONService.swift */; };
		CED7BB452C80FCAB0063EA21 /* Hermeson2App.swift in Sources */ = {isa = PBXBuildFile; fileRef = CED7BB442C80FCAB0063EA21 /* Hermeson2App.swift */; };
		CED7BB472C80FCAB0063EA21 /* ContentView.swift in Sources */ = {isa = PBXBuildFile; fileRef = CED7BB462C80FCAB0063EA21 /* ContentView.swift */; };
		CED7BB492C80FCAC0063EA21 /* Assets.xcassets in Resources */ = {isa = PBXBuildFile; fileRef = CED7BB482C80FCAC0063EA21 /* Assets.xcassets */; };
		CED7BB4C2C80FCAC0063EA21 /* Preview Assets.xcassets in Resources */ = {isa = PBXBuildFile; fileRef = CED7BB4B2C80FCAC0063EA21 /* Preview Assets.xcassets */; };
		CED7BB562C80FEC90063EA21 /* Task.swift in Sources */ = {isa = PBXBuildFile; fileRef = CED7BB552C80FEC90063EA21 /* Task.swift */; };
		CED7BB582C80FF120063EA21 /* ListaTaskView.swift in Sources */ = {isa = PBXBuildFile; fileRef = CED7BB572C80FF120063EA21 /* ListaTaskView.swift */; };
		CED7BB5A2C80FF370063EA21 /* DetalhesTaskView.swift in Sources */ = {isa = PBXBuildFile; fileRef = CED7BB592C80FF370063EA21 /* DetalhesTaskView.swift */; };
		CED7BB5C2C80FF8A0063EA21 /* ListaTaskView_Previews.swift in Sources */ = {isa = PBXBuildFile; fileRef = CED7BB5B2C80FF8A0063EA21 /* ListaTaskView_Previews.swift */; };
/* End PBXBuildFile section */

/* Begin PBXFileReference section */
		CE42CE062C87787100032353 /* JSONService.swift */ = {isa = PBXFileReference; lastKnownFileType = sourcecode.swift; path = JSONService.swift; sourceTree = "<group>"; };
		CED7BB412C80FCAB0063EA21 /* Hermeson2.app */ = {isa = PBXFileReference; explicitFileType = wrapper.application; includeInIndex = 0; path = Hermeson2.app; sourceTree = BUILT_PRODUCTS_DIR; };
		CED7BB442C80FCAB0063EA21 /* Hermeson2App.swift */ = {isa = PBXFileReference; lastKnownFileType = sourcecode.swift; path = Hermeson2App.swift; sourceTree = "<group>"; };
		CED7BB462C80FCAB0063EA21 /* ContentView.swift */ = {isa = PBXFileReference; lastKnownFileType = sourcecode.swift; path = ContentView.swift; sourceTree = "<group>"; };
		CED7BB482C80FCAC0063EA21 /* Assets.xcassets */ = {isa = PBXFileReference; lastKnownFileType = folder.assetcatalog; path = Assets.xcassets; sourceTree = "<group>"; };
		CED7BB4B2C80FCAC0063EA21 /* Preview Assets.xcassets */ = {isa = PBXFileReference; lastKnownFileType = folder.assetcatalog; path = "Preview Assets.xcassets"; sourceTree = "<group>"; };
		CED7BB552C80FEC90063EA21 /* Task.swift */ = {isa = PBXFileReference; lastKnownFileType = sourcecode.swift; path = Task.swift; sourceTree = "<group>"; };
		CED7BB572C80FF120063EA21 /* ListaTaskView.swift */ = {isa = PBXFileReference; lastKnownFileType = sourcecode.swift; path = ListaTaskView.swift; sourceTree = "<group>"; };
		CED7BB592C80FF370063EA21 /* DetalhesTaskView.swift */ = {isa = PBXFileReference; lastKnownFileType = sourcecode.swift; path = DetalhesTaskView.swift; sourceTree = "<group>"; };
		CED7BB5B2C80FF8A0063EA21 /* ListaTaskView_Previews.swift */ = {isa = PBXFileReference; lastKnownFileType = sourcecode.swift; path = ListaTaskView_Previews.swift; sourceTree = "<group>"; };
/* End PBXFileReference section */

/* Begin PBXFrameworksBuildPhase section */
		CED7BB3E2C80FCAB0063EA21 /* Frameworks */ = {
			isa = PBXFrameworksBuildPhase;
			buildActionMask = 2147483647;
			files = (
			);
			runOnlyForDeploymentPostprocessing = 0;
		};
/* End PBXFrameworksBuildPhase section */

/* Begin PBXGroup section */
		CED7BB382C80FCAB0063EA21 = {
			isa = PBXGroup;
			children = (
				CED7BB432C80FCAB0063EA21 /* Hermeson2 */,
				CED7BB422C80FCAB0063EA21 /* Products */,
			);
			sourceTree = "<group>";
		};
		CED7BB422C80FCAB0063EA21 /* Products */ = {
			isa = PBXGroup;
			children = (
				CED7BB412C80FCAB0063EA21 /* Hermeson2.app */,
			);
			name = Products;
			sourceTree = "<group>";
		};
		CED7BB432C80FCAB0063EA21 /* Hermeson2 */ = {
			isa = PBXGroup;
			children = (
				CED7BB542C80FE430063EA21 /* preview view */,
				CED7BB532C80FE360063EA21 /* Model */,
				CED7BB522C80FD770063EA21 /* view */,
				CED7BB442C80FCAB0063EA21 /* Hermeson2App.swift */,
				CED7BB482C80FCAC0063EA21 /* Assets.xcassets */,
				CE42CE062C87787100032353 /* JSONService.swift */,
				CED7BB4A2C80FCAC0063EA21 /* Preview Content */,
			);
			path = Hermeson2;
			sourceTree = "<group>";
		};
		CED7BB4A2C80FCAC0063EA21 /* Preview Content */ = {
			isa = PBXGroup;
			children = (
				CED7BB4B2C80FCAC0063EA21 /* Preview Assets.xcassets */,
			);
			path = "Preview Content";
			sourceTree = "<group>";
		};
		CED7BB522C80FD770063EA21 /* view */ = {
			isa = PBXGroup;
			children = (
				CED7BB592C80FF370063EA21 /* DetalhesTaskView.swift */,
				CED7BB462C80FCAB0063EA21 /* ContentView.swift */,
				CED7BB572C80FF120063EA21 /* ListaTaskView.swift */,
			);
			path = view;
			sourceTree = "<group>";
		};
		CED7BB532C80FE360063EA21 /* Model */ = {
			isa = PBXGroup;
			children = (
				CED7BB552C80FEC90063EA21 /* Task.swift */,
			);
			path = Model;
			sourceTree = "<group>";
		};
		CED7BB542C80FE430063EA21 /* preview view */ = {
			isa = PBXGroup;
			children = (
				CED7BB5B2C80FF8A0063EA21 /* ListaTaskView_Previews.swift */,
			);
			path = "preview view";
			sourceTree = "<group>";
		};
/* End PBXGroup section */

/* Begin PBXNativeTarget section */
		CED7BB402C80FCAB0063EA21 /* Hermeson2 */ = {
			isa = PBXNativeTarget;
			buildConfigurationList = CED7BB4F2C80FCAC0063EA21 /* Build configuration list for PBXNativeTarget "Hermeson2" */;
			buildPhases = (
				CED7BB3D2C80FCAB0063EA21 /* Sources */,
				CED7BB3E2C80FCAB0063EA21 /* Frameworks */,
				CED7BB3F2C80FCAB0063EA21 /* Resources */,
			);
			buildRules = (
			);
			dependencies = (
			);
			name = Hermeson2;
			productName = Hermeson2;
			productReference = CED7BB412C80FCAB0063EA21 /* Hermeson2.app */;
			productType = "com.apple.product-type.application";
		};
/* End PBXNativeTarget section */

/* Begin PBXProject section */
		CED7BB392C80FCAB0063EA21 /* Project object */ = {
			isa = PBXProject;
			attributes = {
				BuildIndependentTargetsInParallel = 1;
				LastSwiftUpdateCheck = 1520;
				LastUpgradeCheck = 1520;
				TargetAttributes = {
					CED7BB402C80FCAB0063EA21 = {
						CreatedOnToolsVersion = 15.2;
					};
				};
			};
			buildConfigurationList = CED7BB3C2C80FCAB0063EA21 /* Build configuration list for PBXProject "Hermeson2" */;
			compatibilityVersion = "Xcode 14.0";
			developmentRegion = en;
			hasScannedForEncodings = 0;
			knownRegions = (
				en,
				Base,
			);
			mainGroup = CED7BB382C80FCAB0063EA21;
			productRefGroup = CED7BB422C80FCAB0063EA21 /* Products */;
			projectDirPath = "";
			projectRoot = "";
			targets = (
				CED7BB402C80FCAB0063EA21 /* Hermeson2 */,
			);
		};
/* End PBXProject section */

/* Begin PBXResourcesBuildPhase section */
		CED7BB3F2C80FCAB0063EA21 /* Resources */ = {
			isa = PBXResourcesBuildPhase;
			buildActionMask = 2147483647;
			files = (
				CED7BB4C2C80FCAC0063EA21 /* Preview Assets.xcassets in Resources */,
				CED7BB492C80FCAC0063EA21 /* Assets.xcassets in Resources */,
			);
			runOnlyForDeploymentPostprocessing = 0;
		};
/* End PBXResourcesBuildPhase section */

/* Begin PBXSourcesBuildPhase section */
		CED7BB3D2C80FCAB0063EA21 /* Sources */ = {
			isa = PBXSourcesBuildPhase;
			buildActionMask = 2147483647;
			files = (
				CED7BB5C2C80FF8A0063EA21 /* ListaTaskView_Previews.swift in Sources */,
				CED7BB472C80FCAB0063EA21 /* ContentView.swift in Sources */,
				CED7BB5A2C80FF370063EA21 /* DetalhesTaskView.swift in Sources */,
				CED7BB582C80FF120063EA21 /* ListaTaskView.swift in Sources */,
				CED7BB562C80FEC90063EA21 /* Task.swift in Sources */,
				CED7BB452C80FCAB0063EA21 /* Hermeson2App.swift in Sources */,
				CE42CE072C87787100032353 /* JSONService.swift in Sources */,
			);
			runOnlyForDeploymentPostprocessing = 0;
		};
/* End PBXSourcesBuildPhase section */

/* Begin XCBuildConfiguration section */
		CED7BB4D2C80FCAC0063EA21 /* Debug */ = {
			isa = XCBuildConfiguration;
			buildSettings = {
				ALWAYS_SEARCH_USER_PATHS = NO;
				ASSETCATALOG_COMPILER_GENERATE_SWIFT_ASSET_SYMBOL_EXTENSIONS = YES;
				CLANG_ANALYZER_NONNULL = YES;
				CLANG_ANALYZER_NUMBER_OBJECT_CONVERSION = YES_AGGRESSIVE;
				CLANG_CXX_LANGUAGE_STANDARD = "gnu++20";
				CLANG_ENABLE_MODULES = YES;
				CLANG_ENABLE_OBJC_ARC = YES;
				CLANG_ENABLE_OBJC_WEAK = YES;
				CLANG_WARN_BLOCK_CAPTURE_AUTORELEASING = YES;
				CLANG_WARN_BOOL_CONVERSION = YES;
				CLANG_WARN_COMMA = YES;
				CLANG_WARN_CONSTANT_CONVERSION = YES;
				CLANG_WARN_DEPRECATED_OBJC_IMPLEMENTATIONS = YES;
				CLANG_WARN_DIRECT_OBJC_ISA_USAGE = YES_ERROR;
				CLANG_WARN_DOCUMENTATION_COMMENTS = YES;
				CLANG_WARN_EMPTY_BODY = YES;
				CLANG_WARN_ENUM_CONVERSION = YES;
				CLANG_WARN_INFINITE_RECURSION = YES;
				CLANG_WARN_INT_CONVERSION = YES;
				CLANG_WARN_NON_LITERAL_NULL_CONVERSION = YES;
				CLANG_WARN_OBJC_IMPLICIT_RETAIN_SELF = YES;
				CLANG_WARN_OBJC_LITERAL_CONVERSION = YES;
				CLANG_WARN_OBJC_ROOT_CLASS = YES_ERROR;
				CLANG_WARN_QUOTED_INCLUDE_IN_FRAMEWORK_HEADER = YES;
				CLANG_WARN_RANGE_LOOP_ANALYSIS = YES;
				CLANG_WARN_STRICT_PROTOTYPES = YES;
				CLANG_WARN_SUSPICIOUS_MOVE = YES;
				CLANG_WARN_UNGUARDED_AVAILABILITY = YES_AGGRESSIVE;
				CLANG_WARN_UNREACHABLE_CODE = YES;
				CLANG_WARN__DUPLICATE_METHOD_MATCH = YES;
				COPY_PHASE_STRIP = NO;
				DEBUG_INFORMATION_FORMAT = dwarf;
				ENABLE_STRICT_OBJC_MSGSEND = YES;
				ENABLE_TESTABILITY = YES;
				ENABLE_USER_SCRIPT_SANDBOXING = YES;
				GCC_C_LANGUAGE_STANDARD = gnu17;
				GCC_DYNAMIC_NO_PIC = NO;
				GCC_NO_COMMON_BLOCKS = YES;
				GCC_OPTIMIZATION_LEVEL = 0;
				GCC_PREPROCESSOR_DEFINITIONS = (
					"DEBUG=1",
					"$(inherited)",
				);
				GCC_WARN_64_TO_32_BIT_CONVERSION = YES;
				GCC_WARN_ABOUT_RETURN_TYPE = YES_ERROR;
				GCC_WARN_UNDECLARED_SELECTOR = YES;
				GCC_WARN_UNINITIALIZED_AUTOS = YES_AGGRESSIVE;
				GCC_WARN_UNUSED_FUNCTION = YES;
				GCC_WARN_UNUSED_VARIABLE = YES;
				IPHONEOS_DEPLOYMENT_TARGET = 17.2;
				LOCALIZATION_PREFERS_STRING_CATALOGS = YES;
				MTL_ENABLE_DEBUG_INFO = INCLUDE_SOURCE;
				MTL_FAST_MATH = YES;
				ONLY_ACTIVE_ARCH = YES;
				SDKROOT = iphoneos;
				SWIFT_ACTIVE_COMPILATION_CONDITIONS = "DEBUG $(inherited)";
				SWIFT_OPTIMIZATION_LEVEL = "-Onone";
			};
			name = Debug;
		};
		CED7BB4E2C80FCAC0063EA21 /* Release */ = {
			isa = XCBuildConfiguration;
			buildSettings = {
				ALWAYS_SEARCH_USER_PATHS = NO;
				ASSETCATALOG_COMPILER_GENERATE_SWIFT_ASSET_SYMBOL_EXTENSIONS = YES;
				CLANG_ANALYZER_NONNULL = YES;
				CLANG_ANALYZER_NUMBER_OBJECT_CONVERSION = YES_AGGRESSIVE;
				CLANG_CXX_LANGUAGE_STANDARD = "gnu++20";
				CLANG_ENABLE_MODULES = YES;
				CLANG_ENABLE_OBJC_ARC = YES;
				CLANG_ENABLE_OBJC_WEAK = YES;
				CLANG_WARN_BLOCK_CAPTURE_AUTORELEASING = YES;
				CLANG_WARN_BOOL_CONVERSION = YES;
				CLANG_WARN_COMMA = YES;
				CLANG_WARN_CONSTANT_CONVERSION = YES;
				CLANG_WARN_DEPRECATED_OBJC_IMPLEMENTATIONS = YES;
				CLANG_WARN_DIRECT_OBJC_ISA_USAGE = YES_ERROR;
				CLANG_WARN_DOCUMENTATION_COMMENTS = YES;
				CLANG_WARN_EMPTY_BODY = YES;
				CLANG_WARN_ENUM_CONVERSION = YES;
				CLANG_WARN_INFINITE_RECURSION = YES;
				CLANG_WARN_INT_CONVERSION = YES;
				CLANG_WARN_NON_LITERAL_NULL_CONVERSION = YES;
				CLANG_WARN_OBJC_IMPLICIT_RETAIN_SELF = YES;
				CLANG_WARN_OBJC_LITERAL_CONVERSION = YES;
				CLANG_WARN_OBJC_ROOT_CLASS = YES_ERROR;
				CLANG_WARN_QUOTED_INCLUDE_IN_FRAMEWORK_HEADER = YES;
				CLANG_WARN_RANGE_LOOP_ANALYSIS = YES;
				CLANG_WARN_STRICT_PROTOTYPES = YES;
				CLANG_WARN_SUSPICIOUS_MOVE = YES;
				CLANG_WARN_UNGUARDED_AVAILABILITY = YES_AGGRESSIVE;
				CLANG_WARN_UNREACHABLE_CODE = YES;
				CLANG_WARN__DUPLICATE_METHOD_MATCH = YES;
				COPY_PHASE_STRIP = NO;
				DEBUG_INFORMATION_FORMAT = "dwarf-with-dsym";
				ENABLE_NS_ASSERTIONS = NO;
				ENABLE_STRICT_OBJC_MSGSEND = YES;
				ENABLE_USER_SCRIPT_SANDBOXING = YES;
				GCC_C_LANGUAGE_STANDARD = gnu17;
				GCC_NO_COMMON_BLOCKS = YES;
				GCC_WARN_64_TO_32_BIT_CONVERSION = YES;
				GCC_WARN_ABOUT_RETURN_TYPE = YES_ERROR;
				GCC_WARN_UNDECLARED_SELECTOR = YES;
				GCC_WARN_UNINITIALIZED_AUTOS = YES_AGGRESSIVE;
				GCC_WARN_UNUSED_FUNCTION = YES;
				GCC_WARN_UNUSED_VARIABLE = YES;
				IPHONEOS_DEPLOYMENT_TARGET = 17.2;
				LOCALIZATION_PREFERS_STRING_CATALOGS = YES;
				MTL_ENABLE_DEBUG_INFO = NO;
				MTL_FAST_MATH = YES;
				SDKROOT = iphoneos;
				SWIFT_COMPILATION_MODE = wholemodule;
				VALIDATE_PRODUCT = YES;
			};
			name = Release;
		};
		CED7BB502C80FCAC0063EA21 /* Debug */ = {
			isa = XCBuildConfiguration;
			buildSettings = {
				ASSETCATALOG_COMPILER_APPICON_NAME = AppIcon;
				ASSETCATALOG_COMPILER_GLOBAL_ACCENT_COLOR_NAME = AccentColor;
				CODE_SIGN_STYLE = Automatic;
				CURRENT_PROJECT_VERSION = 1;
				DEVELOPMENT_ASSET_PATHS = "\"Hermeson2/Preview Content\"";
				ENABLE_PREVIEWS = YES;
				GENERATE_INFOPLIST_FILE = YES;
				INFOPLIST_KEY_UIApplicationSceneManifest_Generation = YES;
				INFOPLIST_KEY_UIApplicationSupportsIndirectInputEvents = YES;
				INFOPLIST_KEY_UILaunchScreen_Generation = YES;
				INFOPLIST_KEY_UISupportedInterfaceOrientations_iPad = "UIInterfaceOrientationPortrait UIInterfaceOrientationPortraitUpsideDown UIInterfaceOrientationLandscapeLeft UIInterfaceOrientationLandscapeRight";
				INFOPLIST_KEY_UISupportedInterfaceOrientations_iPhone = "UIInterfaceOrientationPortrait UIInterfaceOrientationLandscapeLeft UIInterfaceOrientationLandscapeRight";
				LD_RUNPATH_SEARCH_PATHS = (
					"$(inherited)",
					"@executable_path/Frameworks",
				);
				MARKETING_VERSION = 1.0;
				PRODUCT_BUNDLE_IDENTIFIER = swiftbaiano.com.Hermeson2;
				PRODUCT_NAME = "$(TARGET_NAME)";
				SWIFT_EMIT_LOC_STRINGS = YES;
				SWIFT_VERSION = 5.0;
				TARGETED_DEVICE_FAMILY = "1,2";
			};
			name = Debug;
		};
		CED7BB512C80FCAC0063EA21 /* Release */ = {
			isa = XCBuildConfiguration;
			buildSettings = {
				ASSETCATALOG_COMPILER_APPICON_NAME = AppIcon;
				ASSETCATALOG_COMPILER_GLOBAL_ACCENT_COLOR_NAME = AccentColor;
				CODE_SIGN_STYLE = Automatic;
				CURRENT_PROJECT_VERSION = 1;
				DEVELOPMENT_ASSET_PATHS = "\"Hermeson2/Preview Content\"";
				ENABLE_PREVIEWS = YES;
				GENERATE_INFOPLIST_FILE = YES;
				INFOPLIST_KEY_UIApplicationSceneManifest_Generation = YES;
				INFOPLIST_KEY_UIApplicationSupportsIndirectInputEvents = YES;
				INFOPLIST_KEY_UILaunchScreen_Generation = YES;
				INFOPLIST_KEY_UISupportedInterfaceOrientations_iPad = "UIInterfaceOrientationPortrait UIInterfaceOrientationPortraitUpsideDown UIInterfaceOrientationLandscapeLeft UIInterfaceOrientationLandscapeRight";
				INFOPLIST_KEY_UISupportedInterfaceOrientations_iPhone = "UIInterfaceOrientationPortrait UIInterfaceOrientationLandscapeLeft UIInterfaceOrientationLandscapeRight";
				LD_RUNPATH_SEARCH_PATHS = (
					"$(inherited)",
					"@executable_path/Frameworks",
				);
				MARKETING_VERSION = 1.0;
				PRODUCT_BUNDLE_IDENTIFIER = swiftbaiano.com.Hermeson2;
				PRODUCT_NAME = "$(TARGET_NAME)";
				SWIFT_EMIT_LOC_STRINGS = YES;
				SWIFT_VERSION = 5.0;
				TARGETED_DEVICE_FAMILY = "1,2";
			};
			name = Release;
		};
/* End XCBuildConfiguration section */

/* Begin XCConfigurationList section */
		CED7BB3C2C80FCAB0063EA21 /* Build configuration list for PBXProject "Hermeson2" */ = {
			isa = XCConfigurationList;
			buildConfigurations = (
				CED7BB4D2C80FCAC0063EA21 /* Debug */,
				CED7BB4E2C80FCAC0063EA21 /* Release */,
			);
			defaultConfigurationIsVisible = 0;
			defaultConfigurationName = Release;
		};
		CED7BB4F2C80FCAC0063EA21 /* Build configuration list for PBXNativeTarget "Hermeson2" */ = {
			isa = XCConfigurationList;
			buildConfigurations = (
				CED7BB502C80FCAC0063EA21 /* Debug */,
				CED7BB512C80FCAC0063EA21 /* Release */,
			);
			defaultConfigurationIsVisible = 0;
			defaultConfigurationName = Release;
		};
/* End XCConfigurationList section */
	};
	rootObject = CED7BB392C80FCAB0063EA21 /* Project object */;
}
